
Microsoft Visual Studio Solution File, Format Version 12.00
# Visual Studio Version 17
VisualStudioVersion = 17.2.32630.192
MinimumVisualStudioVersion = 10.0.40219.1
Project("{FAE04EC0-301F-11D3-BF4B-00C04F79EFBC}") = "KeywordsApp", "KeywordsApp\KeywordsApp.csproj", "{D28F0CD7-96FF-40E3-B8BA-ACCC2BFB45FE}"
EndProject
Project("{FAE04EC0-301F-11D3-BF4B-00C04F79EFBC}") = "InterfaceDemoApp", "InterfaceDemoApp\InterfaceDemoApp.csproj", "{A80F803F-FB9A-44CE-B7FE-5D18E9776EEB}"
EndProject
Project("{FAE04EC0-301F-11D3-BF4B-00C04F79EFBC}") = "DelegateDemoApp", "DelegateDemoApp\DelegateDemoApp.csproj", "{00E885E7-5037-4B80-A7D2-76B6A17959B5}"
EndProject
Global
	GlobalSection(SolutionConfigurationPlatforms) = preSolution
		Debug|Any CPU = Debug|Any CPU
		Release|Any CPU = Release|Any CPU
	EndGlobalSection
	GlobalSection(ProjectConfigurationPlatforms) = postSolution
		{D28F0CD7-96FF-40E3-B8BA-ACCC2BFB45FE}.Debug|Any CPU.ActiveCfg = Debug|Any CPU
		{D28F0CD7-96FF-40E3-B8BA-ACCC2BFB45FE}.Debug|Any CPU.Build.0 = Debug|Any CPU
		{D28F0CD7-96FF-40E3-B8BA-ACCC2BFB45FE}.Release|Any CPU.ActiveCfg = Release|Any CPU
		{D28F0CD7-96FF-40E3-B8BA-ACCC2BFB45FE}.Release|Any CPU.Build.0 = Release|Any CPU
		{A80F803F-FB9A-44CE-B7FE-5D18E9776EEB}.Debug|Any CPU.ActiveCfg = Debug|Any CPU
		{A80F803F-FB9A-44CE-B7FE-5D18E9776EEB}.Debug|Any CPU.Build.0 = Debug|Any CPU
		{A80F803F-FB9A-44CE-B7FE-5D18E9776EEB}.Release|Any CPU.ActiveCfg = Release|Any CPU
		{A80F803F-FB9A-44CE-B7FE-5D18E9776EEB}.Release|Any CPU.Build.0 = Release|Any CPU
		{00E885E7-5037-4B80-A7D2-76B6A17959B5}.Debug|Any CPU.ActiveCfg = Debug|Any CPU
		{00E885E7-5037-4B80-A7D2-76B6A17959B5}.Debug|Any CPU.Build.0 = Debug|Any CPU
		{00E885E7-5037-4B80-A7D2-76B6A17959B5}.Release|Any CPU.ActiveCfg = Release|Any CPU
		{00E885E7-5037-4B80-A7D2-76B6A17959B5}.Release|Any CPU.Build.0 = Release|Any CPU
	EndGlobalSection
	GlobalSection(SolutionProperties) = preSolution
		HideSolutionNode = FALSE
	EndGlobalSection
	GlobalSection(ExtensibilityGlobals) = postSolution
		SolutionGuid = {654F4F0D-11FB-425E-A1DD-478269889CD5}
	EndGlobalSection
EndGlobal
